
Microsoft Visual Studio Solution File, Format Version 12.00
# Visual Studio 14
VisualStudioVersion = 14.0.25420.1
MinimumVisualStudioVersion = 10.0.40219.1
Project("{FAE04EC0-301F-11D3-BF4B-00C04F79EFBC}") = "PI_I2C_NET", "RPi.I2C.Net\PI_I2C_NET.csproj", "{2AE6A02F-4B57-43A1-8C19-2917008215D5}"
EndProject
Project("{FAE04EC0-301F-11D3-BF4B-00C04F79EFBC}") = "AMG88xx_DotNET", "AMG88xx_DotNET\AMG88xx_DotNET.csproj", "{DD0CD6CE-23A7-4C10-ADA4-EDF25E99F5D5}"
EndProject
Project("{FAE04EC0-301F-11D3-BF4B-00C04F79EFBC}") = "AMG88XXTestApp", "AMG88XXTestApp\AMG88XXTestApp.csproj", "{D300C7C0-7933-4EF9-AFAA-AE4BD1E0CECB}"
EndProject
Global
	GlobalSection(SolutionConfigurationPlatforms) = preSolution
		Debug|Any CPU = Debug|Any CPU
		Release|Any CPU = Release|Any CPU
	EndGlobalSection
	GlobalSection(ProjectConfigurationPlatforms) = postSolution
		{2AE6A02F-4B57-43A1-8C19-2917008215D5}.Debug|Any CPU.ActiveCfg = Debug|Any CPU
		{2AE6A02F-4B57-43A1-8C19-2917008215D5}.Debug|Any CPU.Build.0 = Debug|Any CPU
		{2AE6A02F-4B57-43A1-8C19-2917008215D5}.Release|Any CPU.ActiveCfg = Release|Any CPU
		{2AE6A02F-4B57-43A1-8C19-2917008215D5}.Release|Any CPU.Build.0 = Release|Any CPU
		{DD0CD6CE-23A7-4C10-ADA4-EDF25E99F5D5}.Debug|Any CPU.ActiveCfg = Debug|Any CPU
		{DD0CD6CE-23A7-4C10-ADA4-EDF25E99F5D5}.Debug|Any CPU.Build.0 = Debug|Any CPU
		{DD0CD6CE-23A7-4C10-ADA4-EDF25E99F5D5}.Release|Any CPU.ActiveCfg = Release|Any CPU
		{DD0CD6CE-23A7-4C10-ADA4-EDF25E99F5D5}.Release|Any CPU.Build.0 = Release|Any CPU
		{D300C7C0-7933-4EF9-AFAA-AE4BD1E0CECB}.Debug|Any CPU.ActiveCfg = Debug|Any CPU
		{D300C7C0-7933-4EF9-AFAA-AE4BD1E0CECB}.Debug|Any CPU.Build.0 = Debug|Any CPU
		{D300C7C0-7933-4EF9-AFAA-AE4BD1E0CECB}.Release|Any CPU.ActiveCfg = Release|Any CPU
		{D300C7C0-7933-4EF9-AFAA-AE4BD1E0CECB}.Release|Any CPU.Build.0 = Release|Any CPU
	EndGlobalSection
	GlobalSection(SolutionProperties) = preSolution
		HideSolutionNode = FALSE
	EndGlobalSection
EndGlobal
